// !$*UTF8*$!
{
	archiveVersion = 1;
	classes = {
	};
	objectVersion = 50;
	objects = {

/* Begin PBXBuildFile section */
		4DB074F4224F36B000A3842C /* AppDelegate.swift in Sources */ = {isa = PBXBuildFile; fileRef = 4DB074F3224F36B000A3842C /* AppDelegate.swift */; };
		4DB074F6224F36B000A3842C /* ViewController.swift in Sources */ = {isa = PBXBuildFile; fileRef = 4DB074F5224F36B000A3842C /* ViewController.swift */; };
		4DB074F9224F36B000A3842C /* Main.storyboard in Resources */ = {isa = PBXBuildFile; fileRef = 4DB074F7224F36B000A3842C /* Main.storyboard */; };
		4DB074FB224F36B100A3842C /* Assets.xcassets in Resources */ = {isa = PBXBuildFile; fileRef = 4DB074FA224F36B100A3842C /* Assets.xcassets */; };
		4DB074FE224F36B100A3842C /* LaunchScreen.storyboard in Resources */ = {isa = PBXBuildFile; fileRef = 4DB074FC224F36B100A3842C /* LaunchScreen.storyboard */; };
		4DB07506224F36F100A3842C /* AnnouncingButton.swift in Sources */ = {isa = PBXBuildFile; fileRef = 4DB07505224F36F000A3842C /* AnnouncingButton.swift */; };
/* End PBXBuildFile section */

/* Begin PBXFileReference section */
		4DB074F0224F36B000A3842C /* Weak.app */ = {isa = PBXFileReference; explicitFileType = wrapper.application; includeInIndex = 0; path = Weak.app; sourceTree = BUILT_PRODUCTS_DIR; };
		4DB074F3224F36B000A3842C /* AppDelegate.swift */ = {isa = PBXFileReference; lastKnownFileType = sourcecode.swift; path = AppDelegate.swift; sourceTree = "<group>"; };
		4DB074F5224F36B000A3842C /* ViewController.swift */ = {isa = PBXFileReference; lastKnownFileType = sourcecode.swift; path = ViewController.swift; sourceTree = "<group>"; };
		4DB074F8224F36B000A3842C /* Base */ = {isa = PBXFileReference; lastKnownFileType = file.storyboard; name = Base; path = Base.lproj/Main.storyboard; sourceTree = "<group>"; };
		4DB074FA224F36B100A3842C /* Assets.xcassets */ = {isa = PBXFileReference; lastKnownFileType = folder.assetcatalog; path = Assets.xcassets; sourceTree = "<group>"; };
		4DB074FD224F36B100A3842C /* Base */ = {isa = PBXFileReference; lastKnownFileType = file.storyboard; name = Base; path = Base.lproj/LaunchScreen.storyboard; sourceTree = "<group>"; };
		4DB074FF224F36B100A3842C /* Info.plist */ = {isa = PBXFileReference; lastKnownFileType = text.plist.xml; path = Info.plist; sourceTree = "<group>"; };
		4DB07505224F36F000A3842C /* AnnouncingButton.swift */ = {isa = PBXFileReference; lastKnownFileType = sourcecode.swift; path = AnnouncingButton.swift; sourceTree = "<group>"; };
/* End PBXFileReference section */

/* Begin PBXFrameworksBuildPhase section */
		4DB074ED224F36B000A3842C /* Frameworks */ = {
			isa = PBXFrameworksBuildPhase;
			buildActionMask = 2147483647;
			files = (
			);
			runOnlyForDeploymentPostprocessing = 0;
		};
/* End PBXFrameworksBuildPhase section */

/* Begin PBXGroup section */
		4DB074E7224F36B000A3842C = {
			isa = PBXGroup;
			children = (
				4DB074F2224F36B000A3842C /* Weak */,
				4DB074F1224F36B000A3842C /* Products */,
			);
			sourceTree = "<group>";
		};
		4DB074F1224F36B000A3842C /* Products */ = {
			isa = PBXGroup;
			children = (
				4DB074F0224F36B000A3842C /* Weak.app */,
			);
			name = Products;
			sourceTree = "<group>";
		};
		4DB074F2224F36B000A3842C /* Weak */ = {
			isa = PBXGroup;
			children = (
				4DB074F3224F36B000A3842C /* AppDelegate.swift */,
				4DB074F5224F36B000A3842C /* ViewController.swift */,
				4DB07505224F36F000A3842C /* AnnouncingButton.swift */,
				4DB074F7224F36B000A3842C /* Main.storyboard */,
				4DB074FA224F36B100A3842C /* Assets.xcassets */,
				4DB074FC224F36B100A3842C /* LaunchScreen.storyboard */,
				4DB074FF224F36B100A3842C /* Info.plist */,
			);
			path = Weak;
			sourceTree = "<group>";
		};
/* End PBXGroup section */

/* Begin PBXNativeTarget section */
		4DB074EF224F36B000A3842C /* Weak */ = {
			isa = PBXNativeTarget;
			buildConfigurationList = 4DB07502224F36B100A3842C /* Build configuration list for PBXNativeTarget "Weak" */;
			buildPhases = (
				4DB074EC224F36B000A3842C /* Sources */,
				4DB074ED224F36B000A3842C /* Frameworks */,
				4DB074EE224F36B000A3842C /* Resources */,
			);
			buildRules = (
			);
			dependencies = (
			);
			name = Weak;
			productName = Weak;
			productReference = 4DB074F0224F36B000A3842C /* Weak.app */;
			productType = "com.apple.product-type.application";
		};
/* End PBXNativeTarget section */

/* Begin PBXProject section */
		4DB074E8224F36B000A3842C /* Project object */ = {
			isa = PBXProject;
			attributes = {
				LastSwiftUpdateCheck = 1020;
				LastUpgradeCheck = 1020;
				ORGANIZATIONNAME = "New York University School of Professional Studies";
				TargetAttributes = {
					4DB074EF224F36B000A3842C = {
						CreatedOnToolsVersion = 10.2;
					};
				};
			};
			buildConfigurationList = 4DB074EB224F36B000A3842C /* Build configuration list for PBXProject "Weak" */;
			compatibilityVersion = "Xcode 9.3";
			developmentRegion = en;
			hasScannedForEncodings = 0;
			knownRegions = (
				en,
				Base,
			);
			mainGroup = 4DB074E7224F36B000A3842C;
			productRefGroup = 4DB074F1224F36B000A3842C /* Products */;
			projectDirPath = "";
			projectRoot = "";
			targets = (
				4DB074EF224F36B000A3842C /* Weak */,
			);
		};
/* End PBXProject section */

/* Begin PBXResourcesBuildPhase section */
		4DB074EE224F36B000A3842C /* Resources */ = {
			isa = PBXResourcesBuildPhase;
			buildActionMask = 2147483647;
			files = (
				4DB074FE224F36B100A3842C /* LaunchScreen.storyboard in Resources */,
				4DB074FB224F36B100A3842C /* Assets.xcassets in Resources */,
				4DB074F9224F36B000A3842C /* Main.storyboard in Resources */,
			);
			runOnlyForDeploymentPostprocessing = 0;
		};
/* End PBXResourcesBuildPhase section */

/* Begin PBXSourcesBuildPhase section */
		4DB074EC224F36B000A3842C /* Sources */ = {
			isa = PBXSourcesBuildPhase;
			buildActionMask = 2147483647;
			files = (
				4DB074F6224F36B000A3842C /* ViewController.swift in Sources */,
				4DB074F4224F36B000A3842C /* AppDelegate.swift in Sources */,
				4DB07506224F36F100A3842C /* AnnouncingButton.swift in Sources */,
			);
			runOnlyForDeploymentPostprocessing = 0;
		};
/* End PBXSourcesBuildPhase section */

/* Begin PBXVariantGroup section */
		4DB074F7224F36B000A3842C /* Main.storyboard */ = {
			isa = PBXVariantGroup;
			children = (
				4DB074F8224F36B000A3842C /* Base */,
			);
			name = Main.storyboard;
			sourceTree = "<group>";
		};
		4DB074FC224F36B100A3842C /* LaunchScreen.storyboard */ = {
			isa = PBXVariantGroup;
			children = (
				4DB074FD224F36B100A3842C /* Base */,
			);
			name = LaunchScreen.storyboard;
			sourceTree = "<group>";
		};
/* End PBXVariantGroup section */

/* Begin XCBuildConfiguration section */
		4DB07500224F36B100A3842C /* Debug */ = {
			isa = XCBuildConfiguration;
			buildSettings = {
				ALWAYS_SEARCH_USER_PATHS = NO;
				CLANG_ANALYZER_NONNULL = YES;
				CLANG_ANALYZER_NUMBER_OBJECT_CONVERSION = YES_AGGRESSIVE;
				CLANG_CXX_LANGUAGE_STANDARD = "gnu++14";
				CLANG_CXX_LIBRARY = "libc++";
				CLANG_ENABLE_MODULES = YES;
				CLANG_ENABLE_OBJC_ARC = YES;
				CLANG_ENABLE_OBJC_WEAK = YES;
				CLANG_WARN_BLOCK_CAPTURE_AUTORELEASING = YES;
				CLANG_WARN_BOOL_CONVERSION = YES;
				CLANG_WARN_COMMA = YES;
				CLANG_WARN_CONSTANT_CONVERSION = YES;
				CLANG_WARN_DEPRECATED_OBJC_IMPLEMENTATIONS = YES;
				CLANG_WARN_DIRECT_OBJC_ISA_USAGE = YES_ERROR;
				CLANG_WARN_DOCUMENTATION_COMMENTS = YES;
				CLANG_WARN_EMPTY_BODY = YES;
				CLANG_WARN_ENUM_CONVERSION = YES;
				CLANG_WARN_INFINITE_RECURSION = YES;
				CLANG_WARN_INT_CONVERSION = YES;
				CLANG_WARN_NON_LITERAL_NULL_CONVERSION = YES;
				CLANG_WARN_OBJC_IMPLICIT_RETAIN_SELF = YES;
				CLANG_WARN_OBJC_LITERAL_CONVERSION = YES;
				CLANG_WARN_OBJC_ROOT_CLASS = YES_ERROR;
				CLANG_WARN_RANGE_LOOP_ANALYSIS = YES;
				CLANG_WARN_STRICT_PROTOTYPES = YES;
				CLANG_WARN_SUSPICIOUS_MOVE = YES;
				CLANG_WARN_UNGUARDED_AVAILABILITY = YES_AGGRESSIVE;
				CLANG_WARN_UNREACHABLE_CODE = YES;
				CLANG_WARN__DUPLICATE_METHOD_MATCH = YES;
				CODE_SIGN_IDENTITY = "iPhone Developer";
				COPY_PHASE_STRIP = NO;
				DEBUG_INFORMATION_FORMAT = dwarf;
				ENABLE_STRICT_OBJC_MSGSEND = YES;
				ENABLE_TESTABILITY = YES;
				GCC_C_LANGUAGE_STANDARD = gnu11;
				GCC_DYNAMIC_NO_PIC = NO;
				GCC_NO_COMMON_BLOCKS = YES;
				GCC_OPTIMIZATION_LEVEL = 0;
				GCC_PREPROCESSOR_DEFINITIONS = (
					"DEBUG=1",
					"$(inherited)",
				);
				GCC_WARN_64_TO_32_BIT_CONVERSION = YES;
				GCC_WARN_ABOUT_RETURN_TYPE = YES_ERROR;
				GCC_WARN_UNDECLARED_SELECTOR = YES;
				GCC_WARN_UNINITIALIZED_AUTOS = YES_AGGRESSIVE;
				GCC_WARN_UNUSED_FUNCTION = YES;
				GCC_WARN_UNUSED_VARIABLE = YES;
				IPHONEOS_DEPLOYMENT_TARGET = 12.2;
				MTL_ENABLE_DEBUG_INFO = INCLUDE_SOURCE;
				MTL_FAST_MATH = YES;
				ONLY_ACTIVE_ARCH = YES;
				SDKROOT = iphoneos;
				SWIFT_ACTIVE_COMPILATION_CONDITIONS = DEBUG;
				SWIFT_OPTIMIZATION_LEVEL = "-Onone";
			};
			name = Debug;
		};
		4DB07501224F36B100A3842C /* Release */ = {
			isa = XCBuildConfiguration;
			buildSettings = {
				ALWAYS_SEARCH_USER_PATHS = NO;
				CLANG_ANALYZER_NONNULL = YES;
				CLANG_ANALYZER_NUMBER_OBJECT_CONVERSION = YES_AGGRESSIVE;
				CLANG_CXX_LANGUAGE_STANDARD = "gnu++14";
				CLANG_CXX_LIBRARY = "libc++";
				CLANG_ENABLE_MODULES = YES;
				CLANG_ENABLE_OBJC_ARC = YES;
				CLANG_ENABLE_OBJC_WEAK = YES;
				CLANG_WARN_BLOCK_CAPTURE_AUTORELEASING = YES;
				CLANG_WARN_BOOL_CONVERSION = YES;
				CLANG_WARN_COMMA = YES;
				CLANG_WARN_CONSTANT_CONVERSION = YES;
				CLANG_WARN_DEPRECATED_OBJC_IMPLEMENTATIONS = YES;
				CLANG_WARN_DIRECT_OBJC_ISA_USAGE = YES_ERROR;
				CLANG_WARN_DOCUMENTATION_COMMENTS = YES;
				CLANG_WARN_EMPTY_BODY = YES;
				CLANG_WARN_ENUM_CONVERSION = YES;
				CLANG_WARN_INFINITE_RECURSION = YES;
				CLANG_WARN_INT_CONVERSION = YES;
				CLANG_WARN_NON_LITERAL_NULL_CONVERSION = YES;
				CLANG_WARN_OBJC_IMPLICIT_RETAIN_SELF = YES;
				CLANG_WARN_OBJC_LITERAL_CONVERSION = YES;
				CLANG_WARN_OBJC_ROOT_CLASS = YES_ERROR;
				CLANG_WARN_RANGE_LOOP_ANALYSIS = YES;
				CLANG_WARN_STRICT_PROTOTYPES = YES;
				CLANG_WARN_SUSPICIOUS_MOVE = YES;
				CLANG_WARN_UNGUARDED_AVAILABILITY = YES_AGGRESSIVE;
				CLANG_WARN_UNREACHABLE_CODE = YES;
				CLANG_WARN__DUPLICATE_METHOD_MATCH = YES;
				CODE_SIGN_IDENTITY = "iPhone Developer";
				COPY_PHASE_STRIP = NO;
				DEBUG_INFORMATION_FORMAT = "dwarf-with-dsym";
				ENABLE_NS_ASSERTIONS = NO;
				ENABLE_STRICT_OBJC_MSGSEND = YES;
				GCC_C_LANGUAGE_STANDARD = gnu11;
				GCC_NO_COMMON_BLOCKS = YES;
				GCC_WARN_64_TO_32_BIT_CONVERSION = YES;
				GCC_WARN_ABOUT_RETURN_TYPE = YES_ERROR;
				GCC_WARN_UNDECLARED_SELECTOR = YES;
				GCC_WARN_UNINITIALIZED_AUTOS = YES_AGGRESSIVE;
				GCC_WARN_UNUSED_FUNCTION = YES;
				GCC_WARN_UNUSED_VARIABLE = YES;
				IPHONEOS_DEPLOYMENT_TARGET = 12.2;
				MTL_ENABLE_DEBUG_INFO = NO;
				MTL_FAST_MATH = YES;
				SDKROOT = iphoneos;
				SWIFT_COMPILATION_MODE = wholemodule;
				SWIFT_OPTIMIZATION_LEVEL = "-O";
				VALIDATE_PRODUCT = YES;
			};
			name = Release;
		};
		4DB07503224F36B100A3842C /* Debug */ = {
			isa = XCBuildConfiguration;
			buildSettings = {
				ASSETCATALOG_COMPILER_APPICON_NAME = AppIcon;
				CODE_SIGN_STYLE = Automatic;
				DEVELOPMENT_TEAM = L7QFUUQJZ7;
				INFOPLIST_FILE = Weak/Info.plist;
				LD_RUNPATH_SEARCH_PATHS = (
					"$(inherited)",
					"@executable_path/Frameworks",
				);
				PRODUCT_BUNDLE_IDENTIFIER = edu.nyu.sps.Weak;
				PRODUCT_NAME = "$(TARGET_NAME)";
				SWIFT_VERSION = 5.0;
				TARGETED_DEVICE_FAMILY = "1,2";
			};
			name = Debug;
		};
		4DB07504224F36B100A3842C /* Release */ = {
			isa = XCBuildConfiguration;
			buildSettings = {
				ASSETCATALOG_COMPILER_APPICON_NAME = AppIcon;
				CODE_SIGN_STYLE = Automatic;
				DEVELOPMENT_TEAM = L7QFUUQJZ7;
				INFOPLIST_FILE = Weak/Info.plist;
				LD_RUNPATH_SEARCH_PATHS = (
					"$(inherited)",
					"@executable_path/Frameworks",
				);
				PRODUCT_BUNDLE_IDENTIFIER = edu.nyu.sps.Weak;
				PRODUCT_NAME = "$(TARGET_NAME)";
				SWIFT_VERSION = 5.0;
				TARGETED_DEVICE_FAMILY = "1,2";
			};
			name = Release;
		};
/* End XCBuildConfiguration section */

/* Begin XCConfigurationList section */
		4DB074EB224F36B000A3842C /* Build configuration list for PBXProject "Weak" */ = {
			isa = XCConfigurationList;
			buildConfigurations = (
				4DB07500224F36B100A3842C /* Debug */,
				4DB07501224F36B100A3842C /* Release */,
			);
			defaultConfigurationIsVisible = 0;
			defaultConfigurationName = Release;
		};
		4DB07502224F36B100A3842C /* Build configuration list for PBXNativeTarget "Weak" */ = {
			isa = XCConfigurationList;
			buildConfigurations = (
				4DB07503224F36B100A3842C /* Debug */,
				4DB07504224F36B100A3842C /* Release */,
			);
			defaultConfigurationIsVisible = 0;
			defaultConfigurationName = Release;
		};
/* End XCConfigurationList section */
	};
	rootObject = 4DB074E8224F36B000A3842C /* Project object */;
}
